# THIS IS AN AUTOGENERATED FILE. DO NOT EDIT THIS FILE DIRECTLY.
# yarn lockfile v1


"@actions/github@^1.1.0":
  version "1.1.0"
  resolved "https://registry.npmjs.org/@actions/github/-/github-1.1.0.tgz"
  dependencies:
    "@octokit/graphql" "^2.0.1"
    "@octokit/rest" "^16.15.0"

"@octokit/endpoint@^5.1.0":
  version "5.3.5"
  resolved "https://registry.npmjs.org/@octokit/endpoint/-/endpoint-5.3.5.tgz"
  dependencies:
    is-plain-object "^3.0.0"
    universal-user-agent "^4.0.0"

"@octokit/graphql@^2.0.1":
  version "2.1.3"
  resolved "https://registry.npmjs.org/@octokit/graphql/-/graphql-2.1.3.tgz"
  dependencies:
    "@octokit/request" "^5.0.0"
    universal-user-agent "^2.0.3"

"@octokit/request-error@^1.0.1", "@octokit/request-error@^1.0.2":
  version "1.0.4"
  resolved "https://registry.npmjs.org/@octokit/request-error/-/request-error-1.0.4.tgz"
  dependencies:
    deprecation "^2.0.0"
    once "^1.4.0"

"@octokit/request@^5.0.0":
  version "5.1.0"
  resolved "https://registry.npmjs.org/@octokit/request/-/request-5.1.0.tgz"
  dependencies:
    "@octokit/endpoint" "^5.1.0"
    "@octokit/request-error" "^1.0.1"
    deprecation "^2.0.0"
    is-plain-object "^3.0.0"
    node-fetch "^2.3.0"
    once "^1.4.0"
    universal-user-agent "^4.0.0"

"@octokit/rest@^16.15.0":
  version "16.29.0"
  resolved "https://registry.npmjs.org/@octokit/rest/-/rest-16.29.0.tgz"
  dependencies:
    "@octokit/request" "^5.0.0"
    "@octokit/request-error" "^1.0.2"
    atob-lite "^2.0.0"
    before-after-hook "^2.0.0"
    btoa-lite "^1.0.0"
    deprecation "^2.0.0"
    lodash.get "^4.4.2"
    lodash.set "^4.3.2"
    lodash.uniq "^4.5.0"
    octokit-pagination-methods "^1.1.0"
    once "^1.4.0"
    universal-user-agent "^4.0.0"

"@types/node@^16.11.7":
  version "16.11.7"
  resolved "https://registry.npmjs.org/@types/node/-/node-16.11.7.tgz"

atob-lite@^2.0.0:
  version "2.0.0"
  resolved "https://registry.npmjs.org/atob-lite/-/atob-lite-2.0.0.tgz"

before-after-hook@^2.0.0:
  version "2.1.0"
  resolved "https://registry.npmjs.org/before-after-hook/-/before-after-hook-2.1.0.tgz"

btoa-lite@^1.0.0:
  version "1.0.0"
  resolved "https://registry.npmjs.org/btoa-lite/-/btoa-lite-1.0.0.tgz"

cross-spawn@^6.0.0:
  version "6.0.5"
  resolved "https://registry.npmjs.org/cross-spawn/-/cross-spawn-6.0.5.tgz"
  dependencies:
    nice-try "^1.0.4"
    path-key "^2.0.1"
    semver "^5.5.0"
    shebang-command "^1.2.0"
    which "^1.2.9"

deprecation@^2.0.0:
  version "2.3.1"
  resolved "https://registry.npmjs.org/deprecation/-/deprecation-2.3.1.tgz"

end-of-stream@^1.1.0:
  version "1.4.1"
  resolved "https://registry.npmjs.org/end-of-stream/-/end-of-stream-1.4.1.tgz"
  dependencies:
    once "^1.4.0"

execa@^1.0.0:
  version "1.0.0"
  resolved "https://registry.npmjs.org/execa/-/execa-1.0.0.tgz"
  dependencies:
    cross-spawn "^6.0.0"
    get-stream "^4.0.0"
    is-stream "^1.1.0"
    npm-run-path "^2.0.0"
    p-finally "^1.0.0"
    signal-exit "^3.0.0"
    strip-eof "^1.0.0"

get-stream@^4.0.0:
  version "4.1.0"
  resolved "https://registry.npmjs.org/get-stream/-/get-stream-4.1.0.tgz"
  dependencies:
    pump "^3.0.0"

is-plain-object@^3.0.0:
  version "3.0.0"
  resolved "https://registry.npmjs.org/is-plain-object/-/is-plain-object-3.0.0.tgz"
  dependencies:
    isobject "^4.0.0"

is-stream@^1.1.0:
  version "1.1.0"
  resolved "https://registry.npmjs.org/is-stream/-/is-stream-1.1.0.tgz"

isexe@^2.0.0:
  version "2.0.0"
  resolved "https://registry.npmjs.org/isexe/-/isexe-2.0.0.tgz"

isobject@^4.0.0:
  version "4.0.0"
  resolved "https://registry.npmjs.org/isobject/-/isobject-4.0.0.tgz"

lodash.get@^4.4.2:
  version "4.4.2"
  resolved "https://registry.npmjs.org/lodash.get/-/lodash.get-4.4.2.tgz"

lodash.set@^4.3.2:
  version "4.3.2"
  resolved "https://registry.npmjs.org/lodash.set/-/lodash.set-4.3.2.tgz"

lodash.uniq@^4.5.0:
  version "4.5.0"
  resolved "https://registry.npmjs.org/lodash.uniq/-/lodash.uniq-4.5.0.tgz"

macos-release@^2.2.0:
  version "2.3.0"
  resolved "https://registry.npmjs.org/macos-release/-/macos-release-2.3.0.tgz"

nice-try@^1.0.4:
  version "1.0.5"
  resolved "https://registry.npmjs.org/nice-try/-/nice-try-1.0.5.tgz"

node-fetch@^2.3.0, node-fetch@^2.6.7:
  version "2.6.7"
  resolved "https://registry.yarnpkg.com/node-fetch/-/node-fetch-2.6.7.tgz#24de9fba827e3b4ae44dc8b20256a379160052ad"
  dependencies:
    whatwg-url "^5.0.0"

npm-run-path@^2.0.0:
  version "2.0.2"
  resolved "https://registry.npmjs.org/npm-run-path/-/npm-run-path-2.0.2.tgz"
  dependencies:
    path-key "^2.0.0"

octokit-pagination-methods@^1.1.0:
  version "1.1.0"
  resolved "https://registry.npmjs.org/octokit-pagination-methods/-/octokit-pagination-methods-1.1.0.tgz"

once@^1.3.1, once@^1.4.0:
  version "1.4.0"
  resolved "https://registry.npmjs.org/once/-/once-1.4.0.tgz"
  dependencies:
    wrappy "1"

os-name@^3.0.0, os-name@^3.1.0:
  version "3.1.0"
  resolved "https://registry.npmjs.org/os-name/-/os-name-3.1.0.tgz"
  dependencies:
    macos-release "^2.2.0"
    windows-release "^3.1.0"

p-finally@^1.0.0:
  version "1.0.0"
  resolved "https://registry.npmjs.org/p-finally/-/p-finally-1.0.0.tgz"

path-key@^2.0.0, path-key@^2.0.1:
  version "2.0.1"
  resolved "https://registry.npmjs.org/path-key/-/path-key-2.0.1.tgz"

pump@^3.0.0:
  version "3.0.0"
  resolved "https://registry.npmjs.org/pump/-/pump-3.0.0.tgz"
  dependencies:
    end-of-stream "^1.1.0"
    once "^1.3.1"

semver@^5.5.0:
  version "5.7.1"
  resolved "https://registry.npmjs.org/semver/-/semver-5.7.1.tgz"

shebang-command@^1.2.0:
  version "1.2.0"
  resolved "https://registry.npmjs.org/shebang-command/-/shebang-command-1.2.0.tgz"
  dependencies:
    shebang-regex "^1.0.0"

shebang-regex@^1.0.0:
  version "1.0.0"
  resolved "https://registry.npmjs.org/shebang-regex/-/shebang-regex-1.0.0.tgz"

signal-exit@^3.0.0:
  version "3.0.2"
  resolved "https://registry.npmjs.org/signal-exit/-/signal-exit-3.0.2.tgz"

strip-eof@^1.0.0:
  version "1.0.0"
  resolved "https://registry.npmjs.org/strip-eof/-/strip-eof-1.0.0.tgz"

tr46@~0.0.3:
  version "0.0.3"
  resolved "https://registry.yarnpkg.com/tr46/-/tr46-0.0.3.tgz#8184fd347dac9cdc185992f3a6622e14b9d9ab6a"

universal-user-agent@^2.0.3:
  version "2.1.0"
  resolved "https://registry.npmjs.org/universal-user-agent/-/universal-user-agent-2.1.0.tgz"
  dependencies:
    os-name "^3.0.0"

universal-user-agent@^4.0.0:
  version "4.0.0"
  resolved "https://registry.npmjs.org/universal-user-agent/-/universal-user-agent-4.0.0.tgz"
  dependencies:
    os-name "^3.1.0"

webidl-conversions@^3.0.0:
  version "3.0.1"
  resolved "https://registry.yarnpkg.com/webidl-conversions/-/webidl-conversions-3.0.1.tgz#24534275e2a7bc6be7bc86611cc16ae0a5654871"

whatwg-url@^5.0.0:
  version "5.0.0"
  resolved "https://registry.yarnpkg.com/whatwg-url/-/whatwg-url-5.0.0.tgz#966454e8765462e37644d3626f6742ce8b70965d"
  dependencies:
    tr46 "~0.0.3"
    webidl-conversions "^3.0.0"

which@^1.2.9:
  version "1.3.1"
  resolved "https://registry.npmjs.org/which/-/which-1.3.1.tgz"
  dependencies:
    isexe "^2.0.0"

windows-release@^3.1.0:
  version "3.2.0"
  resolved "https://registry.npmjs.org/windows-release/-/windows-release-3.2.0.tgz"
  dependencies:
    execa "^1.0.0"

wrappy@1:
  version "1.0.2"
  resolved "https://registry.npmjs.org/wrappy/-/wrappy-1.0.2.tgz"
